{
  "version": 4,
  "terraform_version": "1.0.1",
  "serial": 61,
  "lineage": "2b76c065-6ec7-8951-b38d-ea0a00f7b8ed",
  "outputs": {},
  "resources": [
    {
      "mode": "managed",
      "type": "azurerm_network_interface",
      "name": "luizf",
      "provider": "provider[\"registry.terraform.io/hashicorp/azurerm\"]",
      "instances": [
        {
          "schema_version": 0,
          "attributes": {
            "applied_dns_servers": [],
            "dns_servers": [],
            "enable_accelerated_networking": false,
            "enable_ip_forwarding": false,
            "id": "/subscriptions/1ae24d53-4c26-49aa-bced-30d6e4154ed7/resourceGroups/RG-LuizFernando/providers/Microsoft.Network/networkInterfaces/RG-LuizFernando-nic",
            "internal_dns_name_label": "",
            "internal_domain_name_suffix": "t5ahw4k3veruvchlvrphcx3bha.bx.internal.cloudapp.net",
            "ip_configuration": [
              {
                "name": "internal",
                "primary": true,
                "private_ip_address": "10.0.2.4",
                "private_ip_address_allocation": "Dynamic",
                "private_ip_address_version": "IPv4",
                "public_ip_address_id": "/subscriptions/1ae24d53-4c26-49aa-bced-30d6e4154ed7/resourceGroups/RG-LuizFernando/providers/Microsoft.Network/publicIPAddresses/RG-LuizFernando-public",
                "subnet_id": "/subscriptions/1ae24d53-4c26-49aa-bced-30d6e4154ed7/resourceGroups/RG-LuizFernando/providers/Microsoft.Network/virtualNetworks/RG-LuizFernando-network/subnets/RG-LuizFernando-internal"
              }
            ],
            "location": "eastus",
            "mac_address": "00-0D-3A-8F-CD-88",
            "name": "RG-LuizFernando-nic",
            "private_ip_address": "10.0.2.4",
            "private_ip_addresses": [
              "10.0.2.4"
            ],
            "resource_group_name": "RG-LuizFernando",
            "tags": {},
            "timeouts": null,
            "virtual_machine_id": "/subscriptions/1ae24d53-4c26-49aa-bced-30d6e4154ed7/resourceGroups/RG-LuizFernando/providers/Microsoft.Compute/virtualMachines/fernando-ops"
          },
          "sensitive_attributes": [],
          "private": "eyJlMmJmYjczMC1lY2FhLTExZTYtOGY4OC0zNDM2M2JjN2M0YzAiOnsiY3JlYXRlIjoxODAwMDAwMDAwMDAwLCJkZWxldGUiOjE4MDAwMDAwMDAwMDAsInJlYWQiOjMwMDAwMDAwMDAwMCwidXBkYXRlIjoxODAwMDAwMDAwMDAwfX0=",
          "dependencies": [
            "azurerm_public_ip.public",
            "azurerm_resource_group.luizf",
            "azurerm_subnet.internal"
          ]
        }
      ]
    },
    {
      "mode": "managed",
      "type": "azurerm_network_interface_security_group_association",
      "name": "luizf",
      "provider": "provider[\"registry.terraform.io/hashicorp/azurerm\"]",
      "instances": [
        {
          "schema_version": 0,
          "attributes": {
            "id": "/subscriptions/1ae24d53-4c26-49aa-bced-30d6e4154ed7/resourceGroups/RG-LuizFernando/providers/Microsoft.Network/networkInterfaces/RG-LuizFernando-nic|/subscriptions/1ae24d53-4c26-49aa-bced-30d6e4154ed7/resourceGroups/RG-LuizFernando/providers/Microsoft.Network/networkSecurityGroups/RG-LuizFernando-securitygroup",
            "network_interface_id": "/subscriptions/1ae24d53-4c26-49aa-bced-30d6e4154ed7/resourceGroups/RG-LuizFernando/providers/Microsoft.Network/networkInterfaces/RG-LuizFernando-nic",
            "network_security_group_id": "/subscriptions/1ae24d53-4c26-49aa-bced-30d6e4154ed7/resourceGroups/RG-LuizFernando/providers/Microsoft.Network/networkSecurityGroups/RG-LuizFernando-securitygroup",
            "timeouts": null
          },
          "sensitive_attributes": [],
          "private": "eyJlMmJmYjczMC1lY2FhLTExZTYtOGY4OC0zNDM2M2JjN2M0YzAiOnsiY3JlYXRlIjoxODAwMDAwMDAwMDAwLCJkZWxldGUiOjE4MDAwMDAwMDAwMDAsInJlYWQiOjMwMDAwMDAwMDAwMCwidXBkYXRlIjoxODAwMDAwMDAwMDAwfX0=",
          "dependencies": [
            "azurerm_public_ip.public",
            "azurerm_resource_group.luizf",
            "azurerm_subnet.internal",
            "azurerm_virtual_network.luizf",
            "azurerm_network_interface.luizf",
            "azurerm_network_security_group.luizf"
          ]
        }
      ]
    },
    {
      "mode": "managed",
      "type": "azurerm_network_security_group",
      "name": "luizf",
      "provider": "provider[\"registry.terraform.io/hashicorp/azurerm\"]",
      "instances": [
        {
          "schema_version": 0,
          "attributes": {
            "id": "/subscriptions/1ae24d53-4c26-49aa-bced-30d6e4154ed7/resourceGroups/RG-LuizFernando/providers/Microsoft.Network/networkSecurityGroups/RG-LuizFernando-securitygroup",
            "location": "eastus",
            "name": "RG-LuizFernando-securitygroup",
            "resource_group_name": "RG-LuizFernando",
            "security_rule": [
              {
                "access": "Allow",
                "description": "",
                "destination_address_prefix": "*",
                "destination_address_prefixes": [],
                "destination_application_security_group_ids": [],
                "destination_port_range": "22",
                "destination_port_ranges": [],
                "direction": "Inbound",
                "name": "SSH",
                "priority": 1001,
                "protocol": "Tcp",
                "source_address_prefix": "*",
                "source_address_prefixes": [],
                "source_application_security_group_ids": [],
                "source_port_range": "*",
                "source_port_ranges": []
              },
              {
                "access": "Allow",
                "description": "",
                "destination_address_prefix": "*",
                "destination_address_prefixes": [],
                "destination_application_security_group_ids": [],
                "destination_port_range": "3389",
                "destination_port_ranges": [],
                "direction": "Inbound",
                "name": "WTS",
                "priority": 1002,
                "protocol": "Tcp",
                "source_address_prefix": "*",
                "source_address_prefixes": [],
                "source_application_security_group_ids": [],
                "source_port_range": "*",
                "source_port_ranges": []
              },
              {
                "access": "Allow",
                "description": "",
                "destination_address_prefix": "*",
                "destination_address_prefixes": [],
                "destination_application_security_group_ids": [],
                "destination_port_range": "5986",
                "destination_port_ranges": [],
                "direction": "Inbound",
                "name": "WINRT",
                "priority": 1003,
                "protocol": "Tcp",
                "source_address_prefix": "*",
                "source_address_prefixes": [],
                "source_application_security_group_ids": [],
                "source_port_range": "*",
                "source_port_ranges": []
              }
            ],
            "tags": {},
            "timeouts": null
          },
          "sensitive_attributes": [],
          "private": "eyJlMmJmYjczMC1lY2FhLTExZTYtOGY4OC0zNDM2M2JjN2M0YzAiOnsiY3JlYXRlIjoxODAwMDAwMDAwMDAwLCJkZWxldGUiOjE4MDAwMDAwMDAwMDAsInJlYWQiOjMwMDAwMDAwMDAwMCwidXBkYXRlIjoxODAwMDAwMDAwMDAwfX0=",
          "dependencies": [
            "azurerm_resource_group.luizf"
          ]
        }
      ]
    },
    {
      "mode": "managed",
      "type": "azurerm_public_ip",
      "name": "public",
      "provider": "provider[\"registry.terraform.io/hashicorp/azurerm\"]",
      "instances": [
        {
          "schema_version": 0,
          "attributes": {
            "allocation_method": "Dynamic",
            "domain_name_label": null,
            "fqdn": null,
            "id": "/subscriptions/1ae24d53-4c26-49aa-bced-30d6e4154ed7/resourceGroups/RG-LuizFernando/providers/Microsoft.Network/publicIPAddresses/RG-LuizFernando-public",
            "idle_timeout_in_minutes": 4,
            "ip_address": "",
            "ip_version": "IPv4",
            "location": "eastus",
            "name": "RG-LuizFernando-public",
            "public_ip_prefix_id": null,
            "resource_group_name": "RG-LuizFernando",
            "reverse_fqdn": null,
            "sku": "Basic",
            "tags": null,
            "timeouts": null,
            "zones": null
          },
          "sensitive_attributes": [],
          "private": "eyJlMmJmYjczMC1lY2FhLTExZTYtOGY4OC0zNDM2M2JjN2M0YzAiOnsiY3JlYXRlIjoxODAwMDAwMDAwMDAwLCJkZWxldGUiOjE4MDAwMDAwMDAwMDAsInJlYWQiOjMwMDAwMDAwMDAwMCwidXBkYXRlIjoxODAwMDAwMDAwMDAwfX0=",
          "dependencies": [
            "azurerm_resource_group.luizf"
          ]
        }
      ]
    },
    {
      "mode": "managed",
      "type": "azurerm_resource_group",
      "name": "luizf",
      "provider": "provider[\"registry.terraform.io/hashicorp/azurerm\"]",
      "instances": [
        {
          "schema_version": 0,
          "attributes": {
            "id": "/subscriptions/1ae24d53-4c26-49aa-bced-30d6e4154ed7/resourceGroups/RG-LuizFernando",
            "location": "eastus",
            "name": "RG-LuizFernando",
            "tags": {},
            "timeouts": null
          },
          "sensitive_attributes": [],
          "private": "eyJlMmJmYjczMC1lY2FhLTExZTYtOGY4OC0zNDM2M2JjN2M0YzAiOnsiY3JlYXRlIjo1NDAwMDAwMDAwMDAwLCJkZWxldGUiOjU0MDAwMDAwMDAwMDAsInJlYWQiOjMwMDAwMDAwMDAwMCwidXBkYXRlIjo1NDAwMDAwMDAwMDAwfX0="
        }
      ]
    },
    {
      "mode": "managed",
      "type": "azurerm_subnet",
      "name": "internal",
      "provider": "provider[\"registry.terraform.io/hashicorp/azurerm\"]",
      "instances": [
        {
          "schema_version": 0,
          "attributes": {
            "address_prefix": "10.0.2.0/24",
            "address_prefixes": [
              "10.0.2.0/24"
            ],
            "delegation": [],
            "enforce_private_link_endpoint_network_policies": false,
            "enforce_private_link_service_network_policies": false,
            "id": "/subscriptions/1ae24d53-4c26-49aa-bced-30d6e4154ed7/resourceGroups/RG-LuizFernando/providers/Microsoft.Network/virtualNetworks/RG-LuizFernando-network/subnets/RG-LuizFernando-internal",
            "name": "RG-LuizFernando-internal",
            "resource_group_name": "RG-LuizFernando",
            "service_endpoint_policy_ids": [],
            "service_endpoints": [],
            "timeouts": null,
            "virtual_network_name": "RG-LuizFernando-network"
          },
          "sensitive_attributes": [],
          "private": "eyJlMmJmYjczMC1lY2FhLTExZTYtOGY4OC0zNDM2M2JjN2M0YzAiOnsiY3JlYXRlIjoxODAwMDAwMDAwMDAwLCJkZWxldGUiOjE4MDAwMDAwMDAwMDAsInJlYWQiOjMwMDAwMDAwMDAwMCwidXBkYXRlIjoxODAwMDAwMDAwMDAwfX0=",
          "dependencies": [
            "azurerm_resource_group.luizf",
            "azurerm_virtual_network.luizf"
          ]
        }
      ]
    },
    {
      "mode": "managed",
      "type": "azurerm_virtual_network",
      "name": "luizf",
      "provider": "provider[\"registry.terraform.io/hashicorp/azurerm\"]",
      "instances": [
        {
          "schema_version": 0,
          "attributes": {
            "address_space": [
              "10.0.0.0/16"
            ],
            "bgp_community": "",
            "ddos_protection_plan": [],
            "dns_servers": [],
            "guid": "797bc09f-a95d-4a23-88eb-ac5e715fa138",
            "id": "/subscriptions/1ae24d53-4c26-49aa-bced-30d6e4154ed7/resourceGroups/RG-LuizFernando/providers/Microsoft.Network/virtualNetworks/RG-LuizFernando-network",
            "location": "eastus",
            "name": "RG-LuizFernando-network",
            "resource_group_name": "RG-LuizFernando",
            "subnet": [
              {
                "address_prefix": "10.0.2.0/24",
                "id": "/subscriptions/1ae24d53-4c26-49aa-bced-30d6e4154ed7/resourceGroups/RG-LuizFernando/providers/Microsoft.Network/virtualNetworks/RG-LuizFernando-network/subnets/RG-LuizFernando-internal",
                "name": "RG-LuizFernando-internal",
                "security_group": ""
              }
            ],
            "tags": {},
            "timeouts": null,
            "vm_protection_enabled": false
          },
          "sensitive_attributes": [],
          "private": "eyJlMmJmYjczMC1lY2FhLTExZTYtOGY4OC0zNDM2M2JjN2M0YzAiOnsiY3JlYXRlIjoxODAwMDAwMDAwMDAwLCJkZWxldGUiOjE4MDAwMDAwMDAwMDAsInJlYWQiOjMwMDAwMDAwMDAwMCwidXBkYXRlIjoxODAwMDAwMDAwMDAwfX0=",
          "dependencies": [
            "azurerm_resource_group.luizf"
          ]
        }
      ]
    },
    {
      "mode": "managed",
      "type": "azurerm_windows_virtual_machine",
      "name": "luizf",
      "provider": "provider[\"registry.terraform.io/hashicorp/azurerm\"]",
      "instances": [
        {
          "schema_version": 0,
          "attributes": {
            "additional_capabilities": [],
            "additional_unattend_content": [],
            "admin_password": "N@ando1n123",
            "admin_username": "administrador",
            "allow_extension_operations": true,
            "availability_set_id": "",
            "boot_diagnostics": [],
            "computer_name": "fernando-ops",
            "custom_data": null,
            "dedicated_host_id": "",
            "enable_automatic_updates": true,
            "encryption_at_host_enabled": false,
            "eviction_policy": "",
            "extensions_time_budget": "PT1H30M",
            "id": "/subscriptions/1ae24d53-4c26-49aa-bced-30d6e4154ed7/resourceGroups/RG-LuizFernando/providers/Microsoft.Compute/virtualMachines/fernando-ops",
            "identity": [],
            "license_type": "",
            "location": "eastus",
            "max_bid_price": -1,
            "name": "fernando-ops",
            "network_interface_ids": [
              "/subscriptions/1ae24d53-4c26-49aa-bced-30d6e4154ed7/resourceGroups/RG-LuizFernando/providers/Microsoft.Network/networkInterfaces/RG-LuizFernando-nic"
            ],
            "os_disk": [
              {
                "caching": "ReadWrite",
                "diff_disk_settings": [],
                "disk_encryption_set_id": "",
                "disk_size_gb": 127,
                "name": "fernando-ops_OsDisk_1_9bc5ee66763546c3a908fb4e0eb1c72a",
                "storage_account_type": "Standard_LRS",
                "write_accelerator_enabled": false
              }
            ],
            "patch_mode": "AutomaticByOS",
            "plan": [],
            "priority": "Regular",
            "private_ip_address": "10.0.2.4",
            "private_ip_addresses": [
              "10.0.2.4"
            ],
            "provision_vm_agent": true,
            "proximity_placement_group_id": "",
            "public_ip_address": "",
            "public_ip_addresses": [],
            "resource_group_name": "RG-LuizFernando",
            "secret": [],
            "size": "Standard_F2",
            "source_image_id": "",
            "source_image_reference": [
              {
                "offer": "WindowsServer",
                "publisher": "MicrosoftWindowsServer",
                "sku": "2019-Datacenter",
                "version": "latest"
              }
            ],
            "tags": {},
            "timeouts": null,
            "timezone": "",
            "virtual_machine_id": "8664c04c-d8bc-44d1-8f10-e4d214356d5e",
            "virtual_machine_scale_set_id": "",
            "winrm_listener": [],
            "zone": ""
          },
          "sensitive_attributes": [],
          "private": "eyJlMmJmYjczMC1lY2FhLTExZTYtOGY4OC0zNDM2M2JjN2M0YzAiOnsiY3JlYXRlIjoyNzAwMDAwMDAwMDAwLCJkZWxldGUiOjI3MDAwMDAwMDAwMDAsInJlYWQiOjMwMDAwMDAwMDAwMCwidXBkYXRlIjoyNzAwMDAwMDAwMDAwfX0=",
          "dependencies": [
            "azurerm_network_interface.luizf",
            "azurerm_public_ip.public",
            "azurerm_resource_group.luizf",
            "azurerm_subnet.internal",
            "azurerm_virtual_network.luizf"
          ]
        }
      ]
    }
  ]
}
